{
    "inputs": {
        "nixpkgs": {
            "inputs": {},
            "narHash": "sha256-g++A7ut8qyY3yi6WskTHwYbci6+MeTxJDLyzSrTjruM=",
            "originalUrl": "git+https://gitea.c3d2.de/ehmry/nixpkgs.git?ref=genode",
            "url": "git+https://gitea.c3d2.de/ehmry/nixpkgs.git?ref=genode&rev=9426fc2248cfc706f7a659b04fcd6935515232bc"
        }
    },
    "version": 3
}
