{
    "inputs": {
        "genodepkgs": {
            "inputs": {
                "dhall-haskell": {
                    "inputs": {
                        "nixpkgs": {
                            "inputs": {},
                            "narHash": "sha256-wJg4DA700SoQbEz61448sR6BgxRa1R92K3vvCV1g+HY=",
                            "originalUrl": "git+https://github.com/nixos/nixpkgs.git?ref=18.09-beta&rev=1d4de0d552ae9aa66a5b8dee5fb0650a4372d148",
                            "url": "git+https://github.com/nixos/nixpkgs.git?ref=18.09-beta&rev=1d4de0d552ae9aa66a5b8dee5fb0650a4372d148"
                        },
                        "nixpkgsStaticLinux": {
                            "inputs": {},
                            "narHash": "sha256-famU3pJZ4vkElV9qc71HmyRVSvcrAhfMZ0UJKpmmKP8=",
                            "originalUrl": "git+https://github.com/nh2/nixpkgs.git?ref=static-haskell-nix-stack-dhall-working",
                            "url": "git+https://github.com/nh2/nixpkgs.git?ref=static-haskell-nix-stack-dhall-working&rev=925aac04f4ca58aceb83beef18cb7dae0715421b"
                        }
                    },
                    "narHash": "sha256-KJl9ZLcMcEsLSPcwcWoc0Ac74/6HKC9LkVMeLwhyhlg=",
                    "originalUrl": "git+https://github.com/dhall-lang/dhall-haskell?ref=flake",
                    "url": "git+https://github.com/dhall-lang/dhall-haskell?ref=flake&rev=aea28adf3d10ff1982aa4ddd176d1476251b932f"
                },
                "genode-depot": {
                    "inputs": {
                        "nixpkgs": {
                            "inputs": {},
                            "narHash": "sha256-NB+H7zK3BB//zM127FqgbG4iAfY+nS/IOyO+uGWA5Ho=",
                            "originalUrl": "nixpkgs",
                            "url": "github:edolstra/nixpkgs/7845bf5f4b3013df1cf036e9c9c3a55a30331db9"
                        }
                    },
                    "narHash": "sha256-7eL2MfGgeEaIwJXPc4LQ7pBa4JeGicm9th7onjKgzsE=",
                    "originalUrl": "git+https://gitea.c3d2.de/ehmry/genode-depot.git",
                    "url": "git+https://gitea.c3d2.de/ehmry/genode-depot.git?ref=master&rev=8c2aafed45b4075e37f1cd93de0ebf93f38c83c3"
                },
                "nixpkgs": {
                    "inputs": {},
                    "narHash": "sha256-EqxCk6ORqq4fkewWttpvks0VycBec9X9spAZ+Pq/CEI=",
                    "originalUrl": "github:ehmry/nixpkgs",
                    "url": "github:ehmry/nixpkgs/cf50f3b8bdc28832249afab6bca68acad832e011"
                }
            },
            "narHash": "sha256-78eloDNkEjWAckNLbfNait0zb6QBG4QxltX6FyV1vAk=",
            "originalUrl": "git+https://git.sr.ht/~ehmry/genodepkgs",
            "url": "git+https://git.sr.ht/~ehmry/genodepkgs?ref=master&rev=dad28cc17b17542ada59ba2005fbf1af5d5f8209"
        },
        "nixpkgs": {
            "inputs": {},
            "narHash": "sha256-NB+H7zK3BB//zM127FqgbG4iAfY+nS/IOyO+uGWA5Ho=",
            "originalUrl": "nixpkgs",
            "url": "github:edolstra/nixpkgs/7845bf5f4b3013df1cf036e9c9c3a55a30331db9"
        }
    },
    "version": 3
}
